// !$*UTF8*$!
{
	archiveVersion = 1;
	classes = {
	};
	objectVersion = 50;
	objects = {

/* Begin PBXBuildFile section */
		D44B5C97224F28F100D39DA0 /* AppDelegate.swift in Sources */ = {isa = PBXBuildFile; fileRef = D44B5C96224F28F100D39DA0 /* AppDelegate.swift */; };
		D44B5C99224F28F100D39DA0 /* ViewController.swift in Sources */ = {isa = PBXBuildFile; fileRef = D44B5C98224F28F100D39DA0 /* ViewController.swift */; };
		D44B5C9C224F28F100D39DA0 /* Main.storyboard in Resources */ = {isa = PBXBuildFile; fileRef = D44B5C9A224F28F100D39DA0 /* Main.storyboard */; };
		D44B5C9E224F28F200D39DA0 /* Assets.xcassets in Resources */ = {isa = PBXBuildFile; fileRef = D44B5C9D224F28F200D39DA0 /* Assets.xcassets */; };
		D44B5CA1224F28F200D39DA0 /* LaunchScreen.storyboard in Resources */ = {isa = PBXBuildFile; fileRef = D44B5C9F224F28F200D39DA0 /* LaunchScreen.storyboard */; };
		D44B5CAC224F28F200D39DA0 /* UIActivityViewController_DemoTests.swift in Sources */ = {isa = PBXBuildFile; fileRef = D44B5CAB224F28F200D39DA0 /* UIActivityViewController_DemoTests.swift */; };
		D44B5CB7224F28F200D39DA0 /* UIActivityViewController_DemoUITests.swift in Sources */ = {isa = PBXBuildFile; fileRef = D44B5CB6224F28F200D39DA0 /* UIActivityViewController_DemoUITests.swift */; };
		D44B5CC5224F297800D39DA0 /* image.png in Resources */ = {isa = PBXBuildFile; fileRef = D44B5CC4224F297800D39DA0 /* image.png */; };
/* End PBXBuildFile section */

/* Begin PBXContainerItemProxy section */
		D44B5CA8224F28F200D39DA0 /* PBXContainerItemProxy */ = {
			isa = PBXContainerItemProxy;
			containerPortal = D44B5C8B224F28F100D39DA0 /* Project object */;
			proxyType = 1;
			remoteGlobalIDString = D44B5C92224F28F100D39DA0;
			remoteInfo = "UIActivityViewController Demo";
		};
		D44B5CB3224F28F200D39DA0 /* PBXContainerItemProxy */ = {
			isa = PBXContainerItemProxy;
			containerPortal = D44B5C8B224F28F100D39DA0 /* Project object */;
			proxyType = 1;
			remoteGlobalIDString = D44B5C92224F28F100D39DA0;
			remoteInfo = "UIActivityViewController Demo";
		};
/* End PBXContainerItemProxy section */

/* Begin PBXFileReference section */
		D44B5C93224F28F100D39DA0 /* UIActivityViewController Demo.app */ = {isa = PBXFileReference; explicitFileType = wrapper.application; includeInIndex = 0; path = "UIActivityViewController Demo.app"; sourceTree = BUILT_PRODUCTS_DIR; };
		D44B5C96224F28F100D39DA0 /* AppDelegate.swift */ = {isa = PBXFileReference; lastKnownFileType = sourcecode.swift; path = AppDelegate.swift; sourceTree = "<group>"; };
		D44B5C98224F28F100D39DA0 /* ViewController.swift */ = {isa = PBXFileReference; lastKnownFileType = sourcecode.swift; path = ViewController.swift; sourceTree = "<group>"; };
		D44B5C9B224F28F100D39DA0 /* Base */ = {isa = PBXFileReference; lastKnownFileType = file.storyboard; name = Base; path = Base.lproj/Main.storyboard; sourceTree = "<group>"; };
		D44B5C9D224F28F200D39DA0 /* Assets.xcassets */ = {isa = PBXFileReference; lastKnownFileType = folder.assetcatalog; path = Assets.xcassets; sourceTree = "<group>"; };
		D44B5CA0224F28F200D39DA0 /* Base */ = {isa = PBXFileReference; lastKnownFileType = file.storyboard; name = Base; path = Base.lproj/LaunchScreen.storyboard; sourceTree = "<group>"; };
		D44B5CA2224F28F200D39DA0 /* Info.plist */ = {isa = PBXFileReference; lastKnownFileType = text.plist.xml; path = Info.plist; sourceTree = "<group>"; };
		D44B5CA7224F28F200D39DA0 /* UIActivityViewController DemoTests.xctest */ = {isa = PBXFileReference; explicitFileType = wrapper.cfbundle; includeInIndex = 0; path = "UIActivityViewController DemoTests.xctest"; sourceTree = BUILT_PRODUCTS_DIR; };
		D44B5CAB224F28F200D39DA0 /* UIActivityViewController_DemoTests.swift */ = {isa = PBXFileReference; lastKnownFileType = sourcecode.swift; path = UIActivityViewController_DemoTests.swift; sourceTree = "<group>"; };
		D44B5CAD224F28F200D39DA0 /* Info.plist */ = {isa = PBXFileReference; lastKnownFileType = text.plist.xml; path = Info.plist; sourceTree = "<group>"; };
		D44B5CB2224F28F200D39DA0 /* UIActivityViewController DemoUITests.xctest */ = {isa = PBXFileReference; explicitFileType = wrapper.cfbundle; includeInIndex = 0; path = "UIActivityViewController DemoUITests.xctest"; sourceTree = BUILT_PRODUCTS_DIR; };
		D44B5CB6224F28F200D39DA0 /* UIActivityViewController_DemoUITests.swift */ = {isa = PBXFileReference; lastKnownFileType = sourcecode.swift; path = UIActivityViewController_DemoUITests.swift; sourceTree = "<group>"; };
		D44B5CB8224F28F200D39DA0 /* Info.plist */ = {isa = PBXFileReference; lastKnownFileType = text.plist.xml; path = Info.plist; sourceTree = "<group>"; };
		D44B5CC4224F297800D39DA0 /* image.png */ = {isa = PBXFileReference; lastKnownFileType = image.png; path = image.png; sourceTree = "<group>"; };
/* End PBXFileReference section */

/* Begin PBXFrameworksBuildPhase section */
		D44B5C90224F28F100D39DA0 /* Frameworks */ = {
			isa = PBXFrameworksBuildPhase;
			buildActionMask = 2147483647;
			files = (
			);
			runOnlyForDeploymentPostprocessing = 0;
		};
		D44B5CA4224F28F200D39DA0 /* Frameworks */ = {
			isa = PBXFrameworksBuildPhase;
			buildActionMask = 2147483647;
			files = (
			);
			runOnlyForDeploymentPostprocessing = 0;
		};
		D44B5CAF224F28F200D39DA0 /* Frameworks */ = {
			isa = PBXFrameworksBuildPhase;
			buildActionMask = 2147483647;
			files = (
			);
			runOnlyForDeploymentPostprocessing = 0;
		};
/* End PBXFrameworksBuildPhase section */

/* Begin PBXGroup section */
		D44B5C8A224F28F100D39DA0 = {
			isa = PBXGroup;
			children = (
				D44B5C95224F28F100D39DA0 /* UIActivityViewController Demo */,
				D44B5CAA224F28F200D39DA0 /* UIActivityViewController DemoTests */,
				D44B5CB5224F28F200D39DA0 /* UIActivityViewController DemoUITests */,
				D44B5C94224F28F100D39DA0 /* Products */,
			);
			sourceTree = "<group>";
		};
		D44B5C94224F28F100D39DA0 /* Products */ = {
			isa = PBXGroup;
			children = (
				D44B5C93224F28F100D39DA0 /* UIActivityViewController Demo.app */,
				D44B5CA7224F28F200D39DA0 /* UIActivityViewController DemoTests.xctest */,
				D44B5CB2224F28F200D39DA0 /* UIActivityViewController DemoUITests.xctest */,
			);
			name = Products;
			sourceTree = "<group>";
		};
		D44B5C95224F28F100D39DA0 /* UIActivityViewController Demo */ = {
			isa = PBXGroup;
			children = (
				D44B5CC4224F297800D39DA0 /* image.png */,
				D44B5C96224F28F100D39DA0 /* AppDelegate.swift */,
				D44B5C98224F28F100D39DA0 /* ViewController.swift */,
				D44B5C9A224F28F100D39DA0 /* Main.storyboard */,
				D44B5C9D224F28F200D39DA0 /* Assets.xcassets */,
				D44B5C9F224F28F200D39DA0 /* LaunchScreen.storyboard */,
				D44B5CA2224F28F200D39DA0 /* Info.plist */,
			);
			path = "UIActivityViewController Demo";
			sourceTree = "<group>";
		};
		D44B5CAA224F28F200D39DA0 /* UIActivityViewController DemoTests */ = {
			isa = PBXGroup;
			children = (
				D44B5CAB224F28F200D39DA0 /* UIActivityViewController_DemoTests.swift */,
				D44B5CAD224F28F200D39DA0 /* Info.plist */,
			);
			path = "UIActivityViewController DemoTests";
			sourceTree = "<group>";
		};
		D44B5CB5224F28F200D39DA0 /* UIActivityViewController DemoUITests */ = {
			isa = PBXGroup;
			children = (
				D44B5CB6224F28F200D39DA0 /* UIActivityViewController_DemoUITests.swift */,
				D44B5CB8224F28F200D39DA0 /* Info.plist */,
			);
			path = "UIActivityViewController DemoUITests";
			sourceTree = "<group>";
		};
/* End PBXGroup section */

/* Begin PBXNativeTarget section */
		D44B5C92224F28F100D39DA0 /* UIActivityViewController Demo */ = {
			isa = PBXNativeTarget;
			buildConfigurationList = D44B5CBB224F28F200D39DA0 /* Build configuration list for PBXNativeTarget "UIActivityViewController Demo" */;
			buildPhases = (
				D44B5C8F224F28F100D39DA0 /* Sources */,
				D44B5C90224F28F100D39DA0 /* Frameworks */,
				D44B5C91224F28F100D39DA0 /* Resources */,
			);
			buildRules = (
			);
			dependencies = (
			);
			name = "UIActivityViewController Demo";
			productName = "UIActivityViewController Demo";
			productReference = D44B5C93224F28F100D39DA0 /* UIActivityViewController Demo.app */;
			productType = "com.apple.product-type.application";
		};
		D44B5CA6224F28F200D39DA0 /* UIActivityViewController DemoTests */ = {
			isa = PBXNativeTarget;
			buildConfigurationList = D44B5CBE224F28F200D39DA0 /* Build configuration list for PBXNativeTarget "UIActivityViewController DemoTests" */;
			buildPhases = (
				D44B5CA3224F28F200D39DA0 /* Sources */,
				D44B5CA4224F28F200D39DA0 /* Frameworks */,
				D44B5CA5224F28F200D39DA0 /* Resources */,
			);
			buildRules = (
			);
			dependencies = (
				D44B5CA9224F28F200D39DA0 /* PBXTargetDependency */,
			);
			name = "UIActivityViewController DemoTests";
			productName = "UIActivityViewController DemoTests";
			productReference = D44B5CA7224F28F200D39DA0 /* UIActivityViewController DemoTests.xctest */;
			productType = "com.apple.product-type.bundle.unit-test";
		};
		D44B5CB1224F28F200D39DA0 /* UIActivityViewController DemoUITests */ = {
			isa = PBXNativeTarget;
			buildConfigurationList = D44B5CC1224F28F200D39DA0 /* Build configuration list for PBXNativeTarget "UIActivityViewController DemoUITests" */;
			buildPhases = (
				D44B5CAE224F28F200D39DA0 /* Sources */,
				D44B5CAF224F28F200D39DA0 /* Frameworks */,
				D44B5CB0224F28F200D39DA0 /* Resources */,
			);
			buildRules = (
			);
			dependencies = (
				D44B5CB4224F28F200D39DA0 /* PBXTargetDependency */,
			);
			name = "UIActivityViewController DemoUITests";
			productName = "UIActivityViewController DemoUITests";
			productReference = D44B5CB2224F28F200D39DA0 /* UIActivityViewController DemoUITests.xctest */;
			productType = "com.apple.product-type.bundle.ui-testing";
		};
/* End PBXNativeTarget section */

/* Begin PBXProject section */
		D44B5C8B224F28F100D39DA0 /* Project object */ = {
			isa = PBXProject;
			attributes = {
				LastSwiftUpdateCheck = 1020;
				LastUpgradeCheck = 1020;
				ORGANIZATIONNAME = "Pawan Kumar";
				TargetAttributes = {
					D44B5C92224F28F100D39DA0 = {
						CreatedOnToolsVersion = 10.2;
					};
					D44B5CA6224F28F200D39DA0 = {
						CreatedOnToolsVersion = 10.2;
						TestTargetID = D44B5C92224F28F100D39DA0;
					};
					D44B5CB1224F28F200D39DA0 = {
						CreatedOnToolsVersion = 10.2;
						TestTargetID = D44B5C92224F28F100D39DA0;
					};
				};
			};
			buildConfigurationList = D44B5C8E224F28F100D39DA0 /* Build configuration list for PBXProject "UIActivityViewController Demo" */;
			compatibilityVersion = "Xcode 9.3";
			developmentRegion = en;
			hasScannedForEncodings = 0;
			knownRegions = (
				en,
				Base,
			);
			mainGroup = D44B5C8A224F28F100D39DA0;
			productRefGroup = D44B5C94224F28F100D39DA0 /* Products */;
			projectDirPath = "";
			projectRoot = "";
			targets = (
				D44B5C92224F28F100D39DA0 /* UIActivityViewController Demo */,
				D44B5CA6224F28F200D39DA0 /* UIActivityViewController DemoTests */,
				D44B5CB1224F28F200D39DA0 /* UIActivityViewController DemoUITests */,
			);
		};
/* End PBXProject section */

/* Begin PBXResourcesBuildPhase section */
		D44B5C91224F28F100D39DA0 /* Resources */ = {
			isa = PBXResourcesBuildPhase;
			buildActionMask = 2147483647;
			files = (
				D44B5CA1224F28F200D39DA0 /* LaunchScreen.storyboard in Resources */,
				D44B5C9E224F28F200D39DA0 /* Assets.xcassets in Resources */,
				D44B5C9C224F28F100D39DA0 /* Main.storyboard in Resources */,
				D44B5CC5224F297800D39DA0 /* image.png in Resources */,
			);
			runOnlyForDeploymentPostprocessing = 0;
		};
		D44B5CA5224F28F200D39DA0 /* Resources */ = {
			isa = PBXResourcesBuildPhase;
			buildActionMask = 2147483647;
			files = (
			);
			runOnlyForDeploymentPostprocessing = 0;
		};
		D44B5CB0224F28F200D39DA0 /* Resources */ = {
			isa = PBXResourcesBuildPhase;
			buildActionMask = 2147483647;
			files = (
			);
			runOnlyForDeploymentPostprocessing = 0;
		};
/* End PBXResourcesBuildPhase section */

/* Begin PBXSourcesBuildPhase section */
		D44B5C8F224F28F100D39DA0 /* Sources */ = {
			isa = PBXSourcesBuildPhase;
			buildActionMask = 2147483647;
			files = (
				D44B5C99224F28F100D39DA0 /* ViewController.swift in Sources */,
				D44B5C97224F28F100D39DA0 /* AppDelegate.swift in Sources */,
			);
			runOnlyForDeploymentPostprocessing = 0;
		};
		D44B5CA3224F28F200D39DA0 /* Sources */ = {
			isa = PBXSourcesBuildPhase;
			buildActionMask = 2147483647;
			files = (
				D44B5CAC224F28F200D39DA0 /* UIActivityViewController_DemoTests.swift in Sources */,
			);
			runOnlyForDeploymentPostprocessing = 0;
		};
		D44B5CAE224F28F200D39DA0 /* Sources */ = {
			isa = PBXSourcesBuildPhase;
			buildActionMask = 2147483647;
			files = (
				D44B5CB7224F28F200D39DA0 /* UIActivityViewController_DemoUITests.swift in Sources */,
			);
			runOnlyForDeploymentPostprocessing = 0;
		};
/* End PBXSourcesBuildPhase section */

/* Begin PBXTargetDependency section */
		D44B5CA9224F28F200D39DA0 /* PBXTargetDependency */ = {
			isa = PBXTargetDependency;
			target = D44B5C92224F28F100D39DA0 /* UIActivityViewController Demo */;
			targetProxy = D44B5CA8224F28F200D39DA0 /* PBXContainerItemProxy */;
		};
		D44B5CB4224F28F200D39DA0 /* PBXTargetDependency */ = {
			isa = PBXTargetDependency;
			target = D44B5C92224F28F100D39DA0 /* UIActivityViewController Demo */;
			targetProxy = D44B5CB3224F28F200D39DA0 /* PBXContainerItemProxy */;
		};
/* End PBXTargetDependency section */

/* Begin PBXVariantGroup section */
		D44B5C9A224F28F100D39DA0 /* Main.storyboard */ = {
			isa = PBXVariantGroup;
			children = (
				D44B5C9B224F28F100D39DA0 /* Base */,
			);
			name = Main.storyboard;
			sourceTree = "<group>";
		};
		D44B5C9F224F28F200D39DA0 /* LaunchScreen.storyboard */ = {
			isa = PBXVariantGroup;
			children = (
				D44B5CA0224F28F200D39DA0 /* Base */,
			);
			name = LaunchScreen.storyboard;
			sourceTree = "<group>";
		};
/* End PBXVariantGroup section */

/* Begin XCBuildConfiguration section */
		D44B5CB9224F28F200D39DA0 /* Debug */ = {
			isa = XCBuildConfiguration;
			buildSettings = {
				ALWAYS_SEARCH_USER_PATHS = NO;
				CLANG_ANALYZER_NONNULL = YES;
				CLANG_ANALYZER_NUMBER_OBJECT_CONVERSION = YES_AGGRESSIVE;
				CLANG_CXX_LANGUAGE_STANDARD = "gnu++14";
				CLANG_CXX_LIBRARY = "libc++";
				CLANG_ENABLE_MODULES = YES;
				CLANG_ENABLE_OBJC_ARC = YES;
				CLANG_ENABLE_OBJC_WEAK = YES;
				CLANG_WARN_BLOCK_CAPTURE_AUTORELEASING = YES;
				CLANG_WARN_BOOL_CONVERSION = YES;
				CLANG_WARN_COMMA = YES;
				CLANG_WARN_CONSTANT_CONVERSION = YES;
				CLANG_WARN_DEPRECATED_OBJC_IMPLEMENTATIONS = YES;
				CLANG_WARN_DIRECT_OBJC_ISA_USAGE = YES_ERROR;
				CLANG_WARN_DOCUMENTATION_COMMENTS = YES;
				CLANG_WARN_EMPTY_BODY = YES;
				CLANG_WARN_ENUM_CONVERSION = YES;
				CLANG_WARN_INFINITE_RECURSION = YES;
				CLANG_WARN_INT_CONVERSION = YES;
				CLANG_WARN_NON_LITERAL_NULL_CONVERSION = YES;
				CLANG_WARN_OBJC_IMPLICIT_RETAIN_SELF = YES;
				CLANG_WARN_OBJC_LITERAL_CONVERSION = YES;
				CLANG_WARN_OBJC_ROOT_CLASS = YES_ERROR;
				CLANG_WARN_RANGE_LOOP_ANALYSIS = YES;
				CLANG_WARN_STRICT_PROTOTYPES = YES;
				CLANG_WARN_SUSPICIOUS_MOVE = YES;
				CLANG_WARN_UNGUARDED_AVAILABILITY = YES_AGGRESSIVE;
				CLANG_WARN_UNREACHABLE_CODE = YES;
				CLANG_WARN__DUPLICATE_METHOD_MATCH = YES;
				CODE_SIGN_IDENTITY = "iPhone Developer";
				COPY_PHASE_STRIP = NO;
				DEBUG_INFORMATION_FORMAT = dwarf;
				ENABLE_STRICT_OBJC_MSGSEND = YES;
				ENABLE_TESTABILITY = YES;
				GCC_C_LANGUAGE_STANDARD = gnu11;
				GCC_DYNAMIC_NO_PIC = NO;
				GCC_NO_COMMON_BLOCKS = YES;
				GCC_OPTIMIZATION_LEVEL = 0;
				GCC_PREPROCESSOR_DEFINITIONS = (
					"DEBUG=1",
					"$(inherited)",
				);
				GCC_WARN_64_TO_32_BIT_CONVERSION = YES;
				GCC_WARN_ABOUT_RETURN_TYPE = YES_ERROR;
				GCC_WARN_UNDECLARED_SELECTOR = YES;
				GCC_WARN_UNINITIALIZED_AUTOS = YES_AGGRESSIVE;
				GCC_WARN_UNUSED_FUNCTION = YES;
				GCC_WARN_UNUSED_VARIABLE = YES;
				IPHONEOS_DEPLOYMENT_TARGET = 12.2;
				MTL_ENABLE_DEBUG_INFO = INCLUDE_SOURCE;
				MTL_FAST_MATH = YES;
				ONLY_ACTIVE_ARCH = YES;
				SDKROOT = iphoneos;
				SWIFT_ACTIVE_COMPILATION_CONDITIONS = DEBUG;
				SWIFT_OPTIMIZATION_LEVEL = "-Onone";
			};
			name = Debug;
		};
		D44B5CBA224F28F200D39DA0 /* Release */ = {
			isa = XCBuildConfiguration;
			buildSettings = {
				ALWAYS_SEARCH_USER_PATHS = NO;
				CLANG_ANALYZER_NONNULL = YES;
				CLANG_ANALYZER_NUMBER_OBJECT_CONVERSION = YES_AGGRESSIVE;
				CLANG_CXX_LANGUAGE_STANDARD = "gnu++14";
				CLANG_CXX_LIBRARY = "libc++";
				CLANG_ENABLE_MODULES = YES;
				CLANG_ENABLE_OBJC_ARC = YES;
				CLANG_ENABLE_OBJC_WEAK = YES;
				CLANG_WARN_BLOCK_CAPTURE_AUTORELEASING = YES;
				CLANG_WARN_BOOL_CONVERSION = YES;
				CLANG_WARN_COMMA = YES;
				CLANG_WARN_CONSTANT_CONVERSION = YES;
				CLANG_WARN_DEPRECATED_OBJC_IMPLEMENTATIONS = YES;
				CLANG_WARN_DIRECT_OBJC_ISA_USAGE = YES_ERROR;
				CLANG_WARN_DOCUMENTATION_COMMENTS = YES;
				CLANG_WARN_EMPTY_BODY = YES;
				CLANG_WARN_ENUM_CONVERSION = YES;
				CLANG_WARN_INFINITE_RECURSION = YES;
				CLANG_WARN_INT_CONVERSION = YES;
				CLANG_WARN_NON_LITERAL_NULL_CONVERSION = YES;
				CLANG_WARN_OBJC_IMPLICIT_RETAIN_SELF = YES;
				CLANG_WARN_OBJC_LITERAL_CONVERSION = YES;
				CLANG_WARN_OBJC_ROOT_CLASS = YES_ERROR;
				CLANG_WARN_RANGE_LOOP_ANALYSIS = YES;
				CLANG_WARN_STRICT_PROTOTYPES = YES;
				CLANG_WARN_SUSPICIOUS_MOVE = YES;
				CLANG_WARN_UNGUARDED_AVAILABILITY = YES_AGGRESSIVE;
				CLANG_WARN_UNREACHABLE_CODE = YES;
				CLANG_WARN__DUPLICATE_METHOD_MATCH = YES;
				CODE_SIGN_IDENTITY = "iPhone Developer";
				COPY_PHASE_STRIP = NO;
				DEBUG_INFORMATION_FORMAT = "dwarf-with-dsym";
				ENABLE_NS_ASSERTIONS = NO;
				ENABLE_STRICT_OBJC_MSGSEND = YES;
				GCC_C_LANGUAGE_STANDARD = gnu11;
				GCC_NO_COMMON_BLOCKS = YES;
				GCC_WARN_64_TO_32_BIT_CONVERSION = YES;
				GCC_WARN_ABOUT_RETURN_TYPE = YES_ERROR;
				GCC_WARN_UNDECLARED_SELECTOR = YES;
				GCC_WARN_UNINITIALIZED_AUTOS = YES_AGGRESSIVE;
				GCC_WARN_UNUSED_FUNCTION = YES;
				GCC_WARN_UNUSED_VARIABLE = YES;
				IPHONEOS_DEPLOYMENT_TARGET = 12.2;
				MTL_ENABLE_DEBUG_INFO = NO;
				MTL_FAST_MATH = YES;
				SDKROOT = iphoneos;
				SWIFT_COMPILATION_MODE = wholemodule;
				SWIFT_OPTIMIZATION_LEVEL = "-O";
				VALIDATE_PRODUCT = YES;
			};
			name = Release;
		};
		D44B5CBC224F28F200D39DA0 /* Debug */ = {
			isa = XCBuildConfiguration;
			buildSettings = {
				ASSETCATALOG_COMPILER_APPICON_NAME = AppIcon;
				CODE_SIGN_STYLE = Automatic;
				DEVELOPMENT_TEAM = MKXF55N4XX;
				INFOPLIST_FILE = "UIActivityViewController Demo/Info.plist";
				LD_RUNPATH_SEARCH_PATHS = (
					"$(inherited)",
					"@executable_path/Frameworks",
				);
				PRODUCT_BUNDLE_IDENTIFIER = "com.pk.UIActivityViewController-Demo";
				PRODUCT_NAME = "$(TARGET_NAME)";
				SWIFT_VERSION = 5.0;
				TARGETED_DEVICE_FAMILY = "1,2";
			};
			name = Debug;
		};
		D44B5CBD224F28F200D39DA0 /* Release */ = {
			isa = XCBuildConfiguration;
			buildSettings = {
				ASSETCATALOG_COMPILER_APPICON_NAME = AppIcon;
				CODE_SIGN_STYLE = Automatic;
				DEVELOPMENT_TEAM = MKXF55N4XX;
				INFOPLIST_FILE = "UIActivityViewController Demo/Info.plist";
				LD_RUNPATH_SEARCH_PATHS = (
					"$(inherited)",
					"@executable_path/Frameworks",
				);
				PRODUCT_BUNDLE_IDENTIFIER = "com.pk.UIActivityViewController-Demo";
				PRODUCT_NAME = "$(TARGET_NAME)";
				SWIFT_VERSION = 5.0;
				TARGETED_DEVICE_FAMILY = "1,2";
			};
			name = Release;
		};
		D44B5CBF224F28F200D39DA0 /* Debug */ = {
			isa = XCBuildConfiguration;
			buildSettings = {
				ALWAYS_EMBED_SWIFT_STANDARD_LIBRARIES = YES;
				BUNDLE_LOADER = "$(TEST_HOST)";
				CODE_SIGN_STYLE = Automatic;
				INFOPLIST_FILE = "UIActivityViewController DemoTests/Info.plist";
				LD_RUNPATH_SEARCH_PATHS = (
					"$(inherited)",
					"@executable_path/Frameworks",
					"@loader_path/Frameworks",
				);
				PRODUCT_BUNDLE_IDENTIFIER = "com.pk.UIActivityViewController-DemoTests";
				PRODUCT_NAME = "$(TARGET_NAME)";
				SWIFT_VERSION = 5.0;
				TARGETED_DEVICE_FAMILY = "1,2";
				TEST_HOST = "$(BUILT_PRODUCTS_DIR)/UIActivityViewController Demo.app/UIActivityViewController Demo";
			};
			name = Debug;
		};
		D44B5CC0224F28F200D39DA0 /* Release */ = {
			isa = XCBuildConfiguration;
			buildSettings = {
				ALWAYS_EMBED_SWIFT_STANDARD_LIBRARIES = YES;
				BUNDLE_LOADER = "$(TEST_HOST)";
				CODE_SIGN_STYLE = Automatic;
				INFOPLIST_FILE = "UIActivityViewController DemoTests/Info.plist";
				LD_RUNPATH_SEARCH_PATHS = (
					"$(inherited)",
					"@executable_path/Frameworks",
					"@loader_path/Frameworks",
				);
				PRODUCT_BUNDLE_IDENTIFIER = "com.pk.UIActivityViewController-DemoTests";
				PRODUCT_NAME = "$(TARGET_NAME)";
				SWIFT_VERSION = 5.0;
				TARGETED_DEVICE_FAMILY = "1,2";
				TEST_HOST = "$(BUILT_PRODUCTS_DIR)/UIActivityViewController Demo.app/UIActivityViewController Demo";
			};
			name = Release;
		};
		D44B5CC2224F28F200D39DA0 /* Debug */ = {
			isa = XCBuildConfiguration;
			buildSettings = {
				ALWAYS_EMBED_SWIFT_STANDARD_LIBRARIES = YES;
				CODE_SIGN_STYLE = Automatic;
				INFOPLIST_FILE = "UIActivityViewController DemoUITests/Info.plist";
				LD_RUNPATH_SEARCH_PATHS = (
					"$(inherited)",
					"@executable_path/Frameworks",
					"@loader_path/Frameworks",
				);
				PRODUCT_BUNDLE_IDENTIFIER = "com.pk.UIActivityViewController-DemoUITests";
				PRODUCT_NAME = "$(TARGET_NAME)";
				SWIFT_VERSION = 5.0;
				TARGETED_DEVICE_FAMILY = "1,2";
				TEST_TARGET_NAME = "UIActivityViewController Demo";
			};
			name = Debug;
		};
		D44B5CC3224F28F200D39DA0 /* Release */ = {
			isa = XCBuildConfiguration;
			buildSettings = {
				ALWAYS_EMBED_SWIFT_STANDARD_LIBRARIES = YES;
				CODE_SIGN_STYLE = Automatic;
				INFOPLIST_FILE = "UIActivityViewController DemoUITests/Info.plist";
				LD_RUNPATH_SEARCH_PATHS = (
					"$(inherited)",
					"@executable_path/Frameworks",
					"@loader_path/Frameworks",
				);
				PRODUCT_BUNDLE_IDENTIFIER = "com.pk.UIActivityViewController-DemoUITests";
				PRODUCT_NAME = "$(TARGET_NAME)";
				SWIFT_VERSION = 5.0;
				TARGETED_DEVICE_FAMILY = "1,2";
				TEST_TARGET_NAME = "UIActivityViewController Demo";
			};
			name = Release;
		};
/* End XCBuildConfiguration section */

/* Begin XCConfigurationList section */
		D44B5C8E224F28F100D39DA0 /* Build configuration list for PBXProject "UIActivityViewController Demo" */ = {
			isa = XCConfigurationList;
			buildConfigurations = (
				D44B5CB9224F28F200D39DA0 /* Debug */,
				D44B5CBA224F28F200D39DA0 /* Release */,
			);
			defaultConfigurationIsVisible = 0;
			defaultConfigurationName = Release;
		};
		D44B5CBB224F28F200D39DA0 /* Build configuration list for PBXNativeTarget "UIActivityViewController Demo" */ = {
			isa = XCConfigurationList;
			buildConfigurations = (
				D44B5CBC224F28F200D39DA0 /* Debug */,
				D44B5CBD224F28F200D39DA0 /* Release */,
			);
			defaultConfigurationIsVisible = 0;
			defaultConfigurationName = Release;
		};
		D44B5CBE224F28F200D39DA0 /* Build configuration list for PBXNativeTarget "UIActivityViewController DemoTests" */ = {
			isa = XCConfigurationList;
			buildConfigurations = (
				D44B5CBF224F28F200D39DA0 /* Debug */,
				D44B5CC0224F28F200D39DA0 /* Release */,
			);
			defaultConfigurationIsVisible = 0;
			defaultConfigurationName = Release;
		};
		D44B5CC1224F28F200D39DA0 /* Build configuration list for PBXNativeTarget "UIActivityViewController DemoUITests" */ = {
			isa = XCConfigurationList;
			buildConfigurations = (
				D44B5CC2224F28F200D39DA0 /* Debug */,
				D44B5CC3224F28F200D39DA0 /* Release */,
			);
			defaultConfigurationIsVisible = 0;
			defaultConfigurationName = Release;
		};
/* End XCConfigurationList section */
	};
	rootObject = D44B5C8B224F28F100D39DA0 /* Project object */;
}
